// !$*UTF8*$!
{
	archiveVersion = 1;
	classes = {
	};
	objectVersion = 46;
	objects = {

/* Begin PBXBuildFile section */
		72D50E411A075F3E003B9B7F /* main.cpp in Sources */ = {isa = PBXBuildFile; fileRef = 72D50E401A075F3E003B9B7F /* main.cpp */; };
/* End PBXBuildFile section */

/* Begin PBXCopyFilesBuildPhase section */
		72D50E3B1A075F3E003B9B7F /* CopyFiles */ = {
			isa = PBXCopyFilesBuildPhase;
			buildActionMask = 2147483647;
			dstPath = /usr/share/man/man1/;
			dstSubfolderSpec = 0;
			files = (
			);
			runOnlyForDeploymentPostprocessing = 1;
		};
/* End PBXCopyFilesBuildPhase section */

/* Begin PBXFileReference section */
		72D50E3D1A075F3E003B9B7F /* Consistent */ = {isa = PBXFileReference; explicitFileType = "compiled.mach-o.executable"; includeInIndex = 0; path = Consistent; sourceTree = BUILT_PRODUCTS_DIR; };
		72D50E401A075F3E003B9B7F /* main.cpp */ = {isa = PBXFileReference; lastKnownFileType = sourcecode.cpp.cpp; path = main.cpp; sourceTree = "<group>"; };
		72D50E471A07606F003B9B7F /* consistent.h */ = {isa = PBXFileReference; fileEncoding = 4; lastKnownFileType = sourcecode.c.h; path = consistent.h; sourceTree = "<group>"; };
/* End PBXFileReference section */

/* Begin PBXFrameworksBuildPhase section */
		72D50E3A1A075F3E003B9B7F /* Frameworks */ = {
			isa = PBXFrameworksBuildPhase;
			buildActionMask = 2147483647;
			files = (
			);
			runOnlyForDeploymentPostprocessing = 0;
		};
/* End PBXFrameworksBuildPhase section */

/* Begin PBXGroup section */
		72D50E341A075F3E003B9B7F = {
			isa = PBXGroup;
			children = (
				72D50E3F1A075F3E003B9B7F /* Consistent */,
				72D50E3E1A075F3E003B9B7F /* Products */,
			);
			sourceTree = "<group>";
		};
		72D50E3E1A075F3E003B9B7F /* Products */ = {
			isa = PBXGroup;
			children = (
				72D50E3D1A075F3E003B9B7F /* Consistent */,
			);
			name = Products;
			sourceTree = "<group>";
		};
		72D50E3F1A075F3E003B9B7F /* Consistent */ = {
			isa = PBXGroup;
			children = (
				72D50E471A07606F003B9B7F /* consistent.h */,
				72D50E401A075F3E003B9B7F /* main.cpp */,
			);
			path = Consistent;
			sourceTree = "<group>";
		};
/* End PBXGroup section */

/* Begin PBXNativeTarget section */
		72D50E3C1A075F3E003B9B7F /* Consistent */ = {
			isa = PBXNativeTarget;
			buildConfigurationList = 72D50E441A075F3E003B9B7F /* Build configuration list for PBXNativeTarget "Consistent" */;
			buildPhases = (
				72D50E391A075F3E003B9B7F /* Sources */,
				72D50E3A1A075F3E003B9B7F /* Frameworks */,
				72D50E3B1A075F3E003B9B7F /* CopyFiles */,
			);
			buildRules = (
			);
			dependencies = (
			);
			name = Consistent;
			productName = Consistent;
			productReference = 72D50E3D1A075F3E003B9B7F /* Consistent */;
			productType = "com.apple.product-type.tool";
		};
/* End PBXNativeTarget section */

/* Begin PBXProject section */
		72D50E351A075F3E003B9B7F /* Project object */ = {
			isa = PBXProject;
			attributes = {
				LastUpgradeCheck = 0600;
				ORGANIZATIONNAME = "Hang Yan";
				TargetAttributes = {
					72D50E3C1A075F3E003B9B7F = {
						CreatedOnToolsVersion = 6.0;
					};
				};
			};
			buildConfigurationList = 72D50E381A075F3E003B9B7F /* Build configuration list for PBXProject "Consistent" */;
			compatibilityVersion = "Xcode 3.2";
			developmentRegion = English;
			hasScannedForEncodings = 0;
			knownRegions = (
				en,
			);
			mainGroup = 72D50E341A075F3E003B9B7F;
			productRefGroup = 72D50E3E1A075F3E003B9B7F /* Products */;
			projectDirPath = "";
			projectRoot = "";
			targets = (
				72D50E3C1A075F3E003B9B7F /* Consistent */,
			);
		};
/* End PBXProject section */

/* Begin PBXSourcesBuildPhase section */
		72D50E391A075F3E003B9B7F /* Sources */ = {
			isa = PBXSourcesBuildPhase;
			buildActionMask = 2147483647;
			files = (
				72D50E411A075F3E003B9B7F /* main.cpp in Sources */,
			);
			runOnlyForDeploymentPostprocessing = 0;
		};
/* End PBXSourcesBuildPhase section */

/* Begin XCBuildConfiguration section */
		72D50E421A075F3E003B9B7F /* Debug */ = {
			isa = XCBuildConfiguration;
			buildSettings = {
				ALWAYS_SEARCH_USER_PATHS = NO;
				CLANG_CXX_LANGUAGE_STANDARD = "gnu++0x";
				CLANG_CXX_LIBRARY = "libc++";
				CLANG_ENABLE_MODULES = YES;
				CLANG_ENABLE_OBJC_ARC = YES;
				CLANG_WARN_BOOL_CONVERSION = YES;
				CLANG_WARN_CONSTANT_CONVERSION = YES;
				CLANG_WARN_DIRECT_OBJC_ISA_USAGE = YES_ERROR;
				CLANG_WARN_EMPTY_BODY = YES;
				CLANG_WARN_ENUM_CONVERSION = YES;
				CLANG_WARN_INT_CONVERSION = YES;
				CLANG_WARN_OBJC_ROOT_CLASS = YES_ERROR;
				CLANG_WARN_UNREACHABLE_CODE = YES;
				CLANG_WARN__DUPLICATE_METHOD_MATCH = YES;
				COPY_PHASE_STRIP = NO;
				ENABLE_STRICT_OBJC_MSGSEND = YES;
				GCC_C_LANGUAGE_STANDARD = gnu99;
				GCC_DYNAMIC_NO_PIC = NO;
				GCC_OPTIMIZATION_LEVEL = 0;
				GCC_PREPROCESSOR_DEFINITIONS = (
					"DEBUG=1",
					"$(inherited)",
				);
				GCC_SYMBOLS_PRIVATE_EXTERN = NO;
				GCC_WARN_64_TO_32_BIT_CONVERSION = YES;
				GCC_WARN_ABOUT_RETURN_TYPE = YES_ERROR;
				GCC_WARN_UNDECLARED_SELECTOR = YES;
				GCC_WARN_UNINITIALIZED_AUTOS = YES_AGGRESSIVE;
				GCC_WARN_UNUSED_FUNCTION = YES;
				GCC_WARN_UNUSED_VARIABLE = YES;
				MACOSX_DEPLOYMENT_TARGET = 10.10;
				METAL_ENABLE_DEBUG_INFO = YES;
				ONLY_ACTIVE_ARCH = YES;
				SDKROOT = macosx;
			};
			name = Debug;
		};
		72D50E431A075F3E003B9B7F /* Release */ = {
			isa = XCBuildConfiguration;
			buildSettings = {
				ALWAYS_SEARCH_USER_PATHS = NO;
				CLANG_CXX_LANGUAGE_STANDARD = "gnu++0x";
				CLANG_CXX_LIBRARY = "libc++";
				CLANG_ENABLE_MODULES = YES;
				CLANG_ENABLE_OBJC_ARC = YES;
				CLANG_WARN_BOOL_CONVERSION = YES;
				CLANG_WARN_CONSTANT_CONVERSION = YES;
				CLANG_WARN_DIRECT_OBJC_ISA_USAGE = YES_ERROR;
				CLANG_WARN_EMPTY_BODY = YES;
				CLANG_WARN_ENUM_CONVERSION = YES;
				CLANG_WARN_INT_CONVERSION = YES;
				CLANG_WARN_OBJC_ROOT_CLASS = YES_ERROR;
				CLANG_WARN_UNREACHABLE_CODE = YES;
				CLANG_WARN__DUPLICATE_METHOD_MATCH = YES;
				COPY_PHASE_STRIP = YES;
				DEBUG_INFORMATION_FORMAT = "dwarf-with-dsym";
				ENABLE_NS_ASSERTIONS = NO;
				ENABLE_STRICT_OBJC_MSGSEND = YES;
				GCC_C_LANGUAGE_STANDARD = gnu99;
				GCC_WARN_64_TO_32_BIT_CONVERSION = YES;
				GCC_WARN_ABOUT_RETURN_TYPE = YES_ERROR;
				GCC_WARN_UNDECLARED_SELECTOR = YES;
				GCC_WARN_UNINITIALIZED_AUTOS = YES_AGGRESSIVE;
				GCC_WARN_UNUSED_FUNCTION = YES;
				GCC_WARN_UNUSED_VARIABLE = YES;
				MACOSX_DEPLOYMENT_TARGET = 10.10;
				METAL_ENABLE_DEBUG_INFO = NO;
				SDKROOT = macosx;
			};
			name = Release;
		};
		72D50E451A075F3E003B9B7F /* Debug */ = {
			isa = XCBuildConfiguration;
			buildSettings = {
				PRODUCT_NAME = "$(TARGET_NAME)";
			};
			name = Debug;
		};
		72D50E461A075F3E003B9B7F /* Release */ = {
			isa = XCBuildConfiguration;
			buildSettings = {
				PRODUCT_NAME = "$(TARGET_NAME)";
			};
			name = Release;
		};
/* End XCBuildConfiguration section */

/* Begin XCConfigurationList section */
		72D50E381A075F3E003B9B7F /* Build configuration list for PBXProject "Consistent" */ = {
			isa = XCConfigurationList;
			buildConfigurations = (
				72D50E421A075F3E003B9B7F /* Debug */,
				72D50E431A075F3E003B9B7F /* Release */,
			);
			defaultConfigurationIsVisible = 0;
			defaultConfigurationName = Release;
		};
		72D50E441A075F3E003B9B7F /* Build configuration list for PBXNativeTarget "Consistent" */ = {
			isa = XCConfigurationList;
			buildConfigurations = (
				72D50E451A075F3E003B9B7F /* Debug */,
				72D50E461A075F3E003B9B7F /* Release */,
			);
			defaultConfigurationIsVisible = 0;
		};
/* End XCConfigurationList section */
	};
	rootObject = 72D50E351A075F3E003B9B7F /* Project object */;
}
